
Microsoft Visual Studio Solution File, Format Version 12.00
# Visual Studio Version 17
VisualStudioVersion = 17.3.32922.545
MinimumVisualStudioVersion = 10.0.40219.1
Project("{FAE04EC0-301F-11D3-BF4B-00C04F79EFBC}") = "Types", "Types\Types.csproj", "{BCE0CE0C-BD10-454B-B733-3C73B30E393C}"
EndProject
Global
	GlobalSection(SolutionConfigurationPlatforms) = preSolution
		Debug|Any CPU = Debug|Any CPU
		Release|Any CPU = Release|Any CPU
	EndGlobalSection
	GlobalSection(ProjectConfigurationPlatforms) = postSolution
		{BCE0CE0C-BD10-454B-B733-3C73B30E393C}.Debug|Any CPU.ActiveCfg = Debug|Any CPU
		{BCE0CE0C-BD10-454B-B733-3C73B30E393C}.Debug|Any CPU.Build.0 = Debug|Any CPU
		{BCE0CE0C-BD10-454B-B733-3C73B30E393C}.Release|Any CPU.ActiveCfg = Release|Any CPU
		{BCE0CE0C-BD10-454B-B733-3C73B30E393C}.Release|Any CPU.Build.0 = Release|Any CPU
	EndGlobalSection
	GlobalSection(SolutionProperties) = preSolution
		HideSolutionNode = FALSE
	EndGlobalSection
	GlobalSection(ExtensibilityGlobals) = postSolution
		SolutionGuid = {86895CA2-5D74-486D-B442-B0FD5C9A55F4}
	EndGlobalSection
EndGlobal
